// !$*UTF8*$!
{
	archiveVersion = 1;
	classes = {
	};
	objectVersion = 55;
	objects = {

/* Begin PBXBuildFile section */
		2B60AA8C2714B7E500B2A72E /* ClassWithVariables_workingApp.swift in Sources */ = {isa = PBXBuildFile; fileRef = 2B60AA8B2714B7E500B2A72E /* ClassWithVariables_workingApp.swift */; };
		2B60AA8E2714B7E500B2A72E /* ContentView.swift in Sources */ = {isa = PBXBuildFile; fileRef = 2B60AA8D2714B7E500B2A72E /* ContentView.swift */; };
		2B60AA902714B7E700B2A72E /* Assets.xcassets in Resources */ = {isa = PBXBuildFile; fileRef = 2B60AA8F2714B7E700B2A72E /* Assets.xcassets */; };
		2B60AA932714B7E700B2A72E /* Preview Assets.xcassets in Resources */ = {isa = PBXBuildFile; fileRef = 2B60AA922714B7E700B2A72E /* Preview Assets.xcassets */; };
		2B60AA9D2714B7E700B2A72E /* ClassWithVariables_workingTests.swift in Sources */ = {isa = PBXBuildFile; fileRef = 2B60AA9C2714B7E700B2A72E /* ClassWithVariables_workingTests.swift */; };
		2B60AAA72714B7E700B2A72E /* ClassWithVariables_workingUITests.swift in Sources */ = {isa = PBXBuildFile; fileRef = 2B60AAA62714B7E700B2A72E /* ClassWithVariables_workingUITests.swift */; };
		2B60AAA92714B7E700B2A72E /* ClassWithVariables_workingUITestsLaunchTests.swift in Sources */ = {isa = PBXBuildFile; fileRef = 2B60AAA82714B7E700B2A72E /* ClassWithVariables_workingUITestsLaunchTests.swift */; };
/* End PBXBuildFile section */

/* Begin PBXContainerItemProxy section */
		2B60AA992714B7E700B2A72E /* PBXContainerItemProxy */ = {
			isa = PBXContainerItemProxy;
			containerPortal = 2B60AA802714B7E500B2A72E /* Project object */;
			proxyType = 1;
			remoteGlobalIDString = 2B60AA872714B7E500B2A72E;
			remoteInfo = ClassWithVariables_working;
		};
		2B60AAA32714B7E700B2A72E /* PBXContainerItemProxy */ = {
			isa = PBXContainerItemProxy;
			containerPortal = 2B60AA802714B7E500B2A72E /* Project object */;
			proxyType = 1;
			remoteGlobalIDString = 2B60AA872714B7E500B2A72E;
			remoteInfo = ClassWithVariables_working;
		};
/* End PBXContainerItemProxy section */

/* Begin PBXFileReference section */
		2B60AA882714B7E500B2A72E /* ClassWithVariables_passeded.app */ = {isa = PBXFileReference; explicitFileType = wrapper.application; includeInIndex = 0; path = ClassWithVariables_passeded.app; sourceTree = BUILT_PRODUCTS_DIR; };
		2B60AA8B2714B7E500B2A72E /* ClassWithVariables_workingApp.swift */ = {isa = PBXFileReference; lastKnownFileType = sourcecode.swift; path = ClassWithVariables_workingApp.swift; sourceTree = "<group>"; };
		2B60AA8D2714B7E500B2A72E /* ContentView.swift */ = {isa = PBXFileReference; lastKnownFileType = sourcecode.swift; path = ContentView.swift; sourceTree = "<group>"; };
		2B60AA8F2714B7E700B2A72E /* Assets.xcassets */ = {isa = PBXFileReference; lastKnownFileType = folder.assetcatalog; path = Assets.xcassets; sourceTree = "<group>"; };
		2B60AA922714B7E700B2A72E /* Preview Assets.xcassets */ = {isa = PBXFileReference; lastKnownFileType = folder.assetcatalog; path = "Preview Assets.xcassets"; sourceTree = "<group>"; };
		2B60AA982714B7E700B2A72E /* ClassWithVariables_passedTests.xctest */ = {isa = PBXFileReference; explicitFileType = wrapper.cfbundle; includeInIndex = 0; path = ClassWithVariables_passedTests.xctest; sourceTree = BUILT_PRODUCTS_DIR; };
		2B60AA9C2714B7E700B2A72E /* ClassWithVariables_workingTests.swift */ = {isa = PBXFileReference; lastKnownFileType = sourcecode.swift; path = ClassWithVariables_workingTests.swift; sourceTree = "<group>"; };
		2B60AAA22714B7E700B2A72E /* ClassWithVariables_passedUITests.xctest */ = {isa = PBXFileReference; explicitFileType = wrapper.cfbundle; includeInIndex = 0; path = ClassWithVariables_passedUITests.xctest; sourceTree = BUILT_PRODUCTS_DIR; };
		2B60AAA62714B7E700B2A72E /* ClassWithVariables_workingUITests.swift */ = {isa = PBXFileReference; lastKnownFileType = sourcecode.swift; path = ClassWithVariables_workingUITests.swift; sourceTree = "<group>"; };
		2B60AAA82714B7E700B2A72E /* ClassWithVariables_workingUITestsLaunchTests.swift */ = {isa = PBXFileReference; lastKnownFileType = sourcecode.swift; path = ClassWithVariables_workingUITestsLaunchTests.swift; sourceTree = "<group>"; };
/* End PBXFileReference section */

/* Begin PBXFrameworksBuildPhase section */
		2B60AA852714B7E500B2A72E /* Frameworks */ = {
			isa = PBXFrameworksBuildPhase;
			buildActionMask = 2147483647;
			files = (
			);
			runOnlyForDeploymentPostprocessing = 0;
		};
		2B60AA952714B7E700B2A72E /* Frameworks */ = {
			isa = PBXFrameworksBuildPhase;
			buildActionMask = 2147483647;
			files = (
			);
			runOnlyForDeploymentPostprocessing = 0;
		};
		2B60AA9F2714B7E700B2A72E /* Frameworks */ = {
			isa = PBXFrameworksBuildPhase;
			buildActionMask = 2147483647;
			files = (
			);
			runOnlyForDeploymentPostprocessing = 0;
		};
/* End PBXFrameworksBuildPhase section */

/* Begin PBXGroup section */
		2B60AA7F2714B7E500B2A72E = {
			isa = PBXGroup;
			children = (
				2B60AA8A2714B7E500B2A72E /* ClassWithVariables_working */,
				2B60AA9B2714B7E700B2A72E /* ClassWithVariables_workingTests */,
				2B60AAA52714B7E700B2A72E /* ClassWithVariables_workingUITests */,
				2B60AA892714B7E500B2A72E /* Products */,
			);
			sourceTree = "<group>";
		};
		2B60AA892714B7E500B2A72E /* Products */ = {
			isa = PBXGroup;
			children = (
				2B60AA882714B7E500B2A72E /* ClassWithVariables_passeded.app */,
				2B60AA982714B7E700B2A72E /* ClassWithVariables_passedTests.xctest */,
				2B60AAA22714B7E700B2A72E /* ClassWithVariables_passedUITests.xctest */,
			);
			name = Products;
			sourceTree = "<group>";
		};
		2B60AA8A2714B7E500B2A72E /* ClassWithVariables_working */ = {
			isa = PBXGroup;
			children = (
				2B60AA8B2714B7E500B2A72E /* ClassWithVariables_workingApp.swift */,
				2B60AA8D2714B7E500B2A72E /* ContentView.swift */,
				2B60AA8F2714B7E700B2A72E /* Assets.xcassets */,
				2B60AA912714B7E700B2A72E /* Preview Content */,
			);
			path = ClassWithVariables_working;
			sourceTree = "<group>";
		};
		2B60AA912714B7E700B2A72E /* Preview Content */ = {
			isa = PBXGroup;
			children = (
				2B60AA922714B7E700B2A72E /* Preview Assets.xcassets */,
			);
			path = "Preview Content";
			sourceTree = "<group>";
		};
		2B60AA9B2714B7E700B2A72E /* ClassWithVariables_workingTests */ = {
			isa = PBXGroup;
			children = (
				2B60AA9C2714B7E700B2A72E /* ClassWithVariables_workingTests.swift */,
			);
			path = ClassWithVariables_workingTests;
			sourceTree = "<group>";
		};
		2B60AAA52714B7E700B2A72E /* ClassWithVariables_workingUITests */ = {
			isa = PBXGroup;
			children = (
				2B60AAA62714B7E700B2A72E /* ClassWithVariables_workingUITests.swift */,
				2B60AAA82714B7E700B2A72E /* ClassWithVariables_workingUITestsLaunchTests.swift */,
			);
			path = ClassWithVariables_workingUITests;
			sourceTree = "<group>";
		};
/* End PBXGroup section */

/* Begin PBXNativeTarget section */
		2B60AA872714B7E500B2A72E /* ClassWithVariables_passed */ = {
			isa = PBXNativeTarget;
			buildConfigurationList = 2B60AAAC2714B7E700B2A72E /* Build configuration list for PBXNativeTarget "ClassWithVariables_passed" */;
			buildPhases = (
				2B60AA842714B7E500B2A72E /* Sources */,
				2B60AA852714B7E500B2A72E /* Frameworks */,
				2B60AA862714B7E500B2A72E /* Resources */,
			);
			buildRules = (
			);
			dependencies = (
			);
			name = ClassWithVariables_passed;
			productName = ClassWithVariables_working;
			productReference = 2B60AA882714B7E500B2A72E /* ClassWithVariables_passeded.app */;
			productType = "com.apple.product-type.application";
		};
		2B60AA972714B7E700B2A72E /* ClassWithVariables_passedTests */ = {
			isa = PBXNativeTarget;
			buildConfigurationList = 2B60AAAF2714B7E700B2A72E /* Build configuration list for PBXNativeTarget "ClassWithVariables_passedTests" */;
			buildPhases = (
				2B60AA942714B7E700B2A72E /* Sources */,
				2B60AA952714B7E700B2A72E /* Frameworks */,
				2B60AA962714B7E700B2A72E /* Resources */,
			);
			buildRules = (
			);
			dependencies = (
				2B60AA9A2714B7E700B2A72E /* PBXTargetDependency */,
			);
			name = ClassWithVariables_passedTests;
			productName = ClassWithVariables_workingTests;
			productReference = 2B60AA982714B7E700B2A72E /* ClassWithVariables_passedTests.xctest */;
			productType = "com.apple.product-type.bundle.unit-test";
		};
		2B60AAA12714B7E700B2A72E /* ClassWithVariables_passedUITests */ = {
			isa = PBXNativeTarget;
			buildConfigurationList = 2B60AAB22714B7E700B2A72E /* Build configuration list for PBXNativeTarget "ClassWithVariables_passedUITests" */;
			buildPhases = (
				2B60AA9E2714B7E700B2A72E /* Sources */,
				2B60AA9F2714B7E700B2A72E /* Frameworks */,
				2B60AAA02714B7E700B2A72E /* Resources */,
			);
			buildRules = (
			);
			dependencies = (
				2B60AAA42714B7E700B2A72E /* PBXTargetDependency */,
			);
			name = ClassWithVariables_passedUITests;
			productName = ClassWithVariables_workingUITests;
			productReference = 2B60AAA22714B7E700B2A72E /* ClassWithVariables_passedUITests.xctest */;
			productType = "com.apple.product-type.bundle.ui-testing";
		};
/* End PBXNativeTarget section */

/* Begin PBXProject section */
		2B60AA802714B7E500B2A72E /* Project object */ = {
			isa = PBXProject;
			attributes = {
				BuildIndependentTargetsInParallel = 1;
				LastSwiftUpdateCheck = 1300;
				LastUpgradeCheck = 1300;
				TargetAttributes = {
					2B60AA872714B7E500B2A72E = {
						CreatedOnToolsVersion = 13.0;
					};
					2B60AA972714B7E700B2A72E = {
						CreatedOnToolsVersion = 13.0;
						TestTargetID = 2B60AA872714B7E500B2A72E;
					};
					2B60AAA12714B7E700B2A72E = {
						CreatedOnToolsVersion = 13.0;
						TestTargetID = 2B60AA872714B7E500B2A72E;
					};
				};
			};
			buildConfigurationList = 2B60AA832714B7E500B2A72E /* Build configuration list for PBXProject "ClassWithVariables_passed" */;
			compatibilityVersion = "Xcode 13.0";
			developmentRegion = en;
			hasScannedForEncodings = 0;
			knownRegions = (
				en,
				Base,
			);
			mainGroup = 2B60AA7F2714B7E500B2A72E;
			productRefGroup = 2B60AA892714B7E500B2A72E /* Products */;
			projectDirPath = "";
			projectRoot = "";
			targets = (
				2B60AA872714B7E500B2A72E /* ClassWithVariables_passed */,
				2B60AA972714B7E700B2A72E /* ClassWithVariables_passedTests */,
				2B60AAA12714B7E700B2A72E /* ClassWithVariables_passedUITests */,
			);
		};
/* End PBXProject section */

/* Begin PBXResourcesBuildPhase section */
		2B60AA862714B7E500B2A72E /* Resources */ = {
			isa = PBXResourcesBuildPhase;
			buildActionMask = 2147483647;
			files = (
				2B60AA932714B7E700B2A72E /* Preview Assets.xcassets in Resources */,
				2B60AA902714B7E700B2A72E /* Assets.xcassets in Resources */,
			);
			runOnlyForDeploymentPostprocessing = 0;
		};
		2B60AA962714B7E700B2A72E /* Resources */ = {
			isa = PBXResourcesBuildPhase;
			buildActionMask = 2147483647;
			files = (
			);
			runOnlyForDeploymentPostprocessing = 0;
		};
		2B60AAA02714B7E700B2A72E /* Resources */ = {
			isa = PBXResourcesBuildPhase;
			buildActionMask = 2147483647;
			files = (
			);
			runOnlyForDeploymentPostprocessing = 0;
		};
/* End PBXResourcesBuildPhase section */

/* Begin PBXSourcesBuildPhase section */
		2B60AA842714B7E500B2A72E /* Sources */ = {
			isa = PBXSourcesBuildPhase;
			buildActionMask = 2147483647;
			files = (
				2B60AA8E2714B7E500B2A72E /* ContentView.swift in Sources */,
				2B60AA8C2714B7E500B2A72E /* ClassWithVariables_workingApp.swift in Sources */,
			);
			runOnlyForDeploymentPostprocessing = 0;
		};
		2B60AA942714B7E700B2A72E /* Sources */ = {
			isa = PBXSourcesBuildPhase;
			buildActionMask = 2147483647;
			files = (
				2B60AA9D2714B7E700B2A72E /* ClassWithVariables_workingTests.swift in Sources */,
			);
			runOnlyForDeploymentPostprocessing = 0;
		};
		2B60AA9E2714B7E700B2A72E /* Sources */ = {
			isa = PBXSourcesBuildPhase;
			buildActionMask = 2147483647;
			files = (
				2B60AAA72714B7E700B2A72E /* ClassWithVariables_workingUITests.swift in Sources */,
				2B60AAA92714B7E700B2A72E /* ClassWithVariables_workingUITestsLaunchTests.swift in Sources */,
			);
			runOnlyForDeploymentPostprocessing = 0;
		};
/* End PBXSourcesBuildPhase section */

/* Begin PBXTargetDependency section */
		2B60AA9A2714B7E700B2A72E /* PBXTargetDependency */ = {
			isa = PBXTargetDependency;
			target = 2B60AA872714B7E500B2A72E /* ClassWithVariables_passed */;
			targetProxy = 2B60AA992714B7E700B2A72E /* PBXContainerItemProxy */;
		};
		2B60AAA42714B7E700B2A72E /* PBXTargetDependency */ = {
			isa = PBXTargetDependency;
			target = 2B60AA872714B7E500B2A72E /* ClassWithVariables_passed */;
			targetProxy = 2B60AAA32714B7E700B2A72E /* PBXContainerItemProxy */;
		};
/* End PBXTargetDependency section */

/* Begin XCBuildConfiguration section */
		2B60AAAA2714B7E700B2A72E /* Debug */ = {
			isa = XCBuildConfiguration;
			buildSettings = {
				ALWAYS_SEARCH_USER_PATHS = NO;
				CLANG_ANALYZER_NONNULL = YES;
				CLANG_ANALYZER_NUMBER_OBJECT_CONVERSION = YES_AGGRESSIVE;
				CLANG_CXX_LANGUAGE_STANDARD = "gnu++17";
				CLANG_CXX_LIBRARY = "libc++";
				CLANG_ENABLE_MODULES = YES;
				CLANG_ENABLE_OBJC_ARC = YES;
				CLANG_ENABLE_OBJC_WEAK = YES;
				CLANG_WARN_BLOCK_CAPTURE_AUTORELEASING = YES;
				CLANG_WARN_BOOL_CONVERSION = YES;
				CLANG_WARN_COMMA = YES;
				CLANG_WARN_CONSTANT_CONVERSION = YES;
				CLANG_WARN_DEPRECATED_OBJC_IMPLEMENTATIONS = YES;
				CLANG_WARN_DIRECT_OBJC_ISA_USAGE = YES_ERROR;
				CLANG_WARN_DOCUMENTATION_COMMENTS = YES;
				CLANG_WARN_EMPTY_BODY = YES;
				CLANG_WARN_ENUM_CONVERSION = YES;
				CLANG_WARN_INFINITE_RECURSION = YES;
				CLANG_WARN_INT_CONVERSION = YES;
				CLANG_WARN_NON_LITERAL_NULL_CONVERSION = YES;
				CLANG_WARN_OBJC_IMPLICIT_RETAIN_SELF = YES;
				CLANG_WARN_OBJC_LITERAL_CONVERSION = YES;
				CLANG_WARN_OBJC_ROOT_CLASS = YES_ERROR;
				CLANG_WARN_QUOTED_INCLUDE_IN_FRAMEWORK_HEADER = YES;
				CLANG_WARN_RANGE_LOOP_ANALYSIS = YES;
				CLANG_WARN_STRICT_PROTOTYPES = YES;
				CLANG_WARN_SUSPICIOUS_MOVE = YES;
				CLANG_WARN_UNGUARDED_AVAILABILITY = YES_AGGRESSIVE;
				CLANG_WARN_UNREACHABLE_CODE = YES;
				CLANG_WARN__DUPLICATE_METHOD_MATCH = YES;
				COPY_PHASE_STRIP = NO;
				DEBUG_INFORMATION_FORMAT = dwarf;
				ENABLE_STRICT_OBJC_MSGSEND = YES;
				ENABLE_TESTABILITY = YES;
				GCC_C_LANGUAGE_STANDARD = gnu11;
				GCC_DYNAMIC_NO_PIC = NO;
				GCC_NO_COMMON_BLOCKS = YES;
				GCC_OPTIMIZATION_LEVEL = 0;
				GCC_PREPROCESSOR_DEFINITIONS = (
					"DEBUG=1",
					"$(inherited)",
				);
				GCC_WARN_64_TO_32_BIT_CONVERSION = YES;
				GCC_WARN_ABOUT_RETURN_TYPE = YES_ERROR;
				GCC_WARN_UNDECLARED_SELECTOR = YES;
				GCC_WARN_UNINITIALIZED_AUTOS = YES_AGGRESSIVE;
				GCC_WARN_UNUSED_FUNCTION = YES;
				GCC_WARN_UNUSED_VARIABLE = YES;
				IPHONEOS_DEPLOYMENT_TARGET = 15.0;
				MTL_ENABLE_DEBUG_INFO = INCLUDE_SOURCE;
				MTL_FAST_MATH = YES;
				ONLY_ACTIVE_ARCH = YES;
				SDKROOT = iphoneos;
				SWIFT_ACTIVE_COMPILATION_CONDITIONS = DEBUG;
				SWIFT_OPTIMIZATION_LEVEL = "-Onone";
			};
			name = Debug;
		};
		2B60AAAB2714B7E700B2A72E /* Release */ = {
			isa = XCBuildConfiguration;
			buildSettings = {
				ALWAYS_SEARCH_USER_PATHS = NO;
				CLANG_ANALYZER_NONNULL = YES;
				CLANG_ANALYZER_NUMBER_OBJECT_CONVERSION = YES_AGGRESSIVE;
				CLANG_CXX_LANGUAGE_STANDARD = "gnu++17";
				CLANG_CXX_LIBRARY = "libc++";
				CLANG_ENABLE_MODULES = YES;
				CLANG_ENABLE_OBJC_ARC = YES;
				CLANG_ENABLE_OBJC_WEAK = YES;
				CLANG_WARN_BLOCK_CAPTURE_AUTORELEASING = YES;
				CLANG_WARN_BOOL_CONVERSION = YES;
				CLANG_WARN_COMMA = YES;
				CLANG_WARN_CONSTANT_CONVERSION = YES;
				CLANG_WARN_DEPRECATED_OBJC_IMPLEMENTATIONS = YES;
				CLANG_WARN_DIRECT_OBJC_ISA_USAGE = YES_ERROR;
				CLANG_WARN_DOCUMENTATION_COMMENTS = YES;
				CLANG_WARN_EMPTY_BODY = YES;
				CLANG_WARN_ENUM_CONVERSION = YES;
				CLANG_WARN_INFINITE_RECURSION = YES;
				CLANG_WARN_INT_CONVERSION = YES;
				CLANG_WARN_NON_LITERAL_NULL_CONVERSION = YES;
				CLANG_WARN_OBJC_IMPLICIT_RETAIN_SELF = YES;
				CLANG_WARN_OBJC_LITERAL_CONVERSION = YES;
				CLANG_WARN_OBJC_ROOT_CLASS = YES_ERROR;
				CLANG_WARN_QUOTED_INCLUDE_IN_FRAMEWORK_HEADER = YES;
				CLANG_WARN_RANGE_LOOP_ANALYSIS = YES;
				CLANG_WARN_STRICT_PROTOTYPES = YES;
				CLANG_WARN_SUSPICIOUS_MOVE = YES;
				CLANG_WARN_UNGUARDED_AVAILABILITY = YES_AGGRESSIVE;
				CLANG_WARN_UNREACHABLE_CODE = YES;
				CLANG_WARN__DUPLICATE_METHOD_MATCH = YES;
				COPY_PHASE_STRIP = NO;
				DEBUG_INFORMATION_FORMAT = "dwarf-with-dsym";
				ENABLE_NS_ASSERTIONS = NO;
				ENABLE_STRICT_OBJC_MSGSEND = YES;
				GCC_C_LANGUAGE_STANDARD = gnu11;
				GCC_NO_COMMON_BLOCKS = YES;
				GCC_WARN_64_TO_32_BIT_CONVERSION = YES;
				GCC_WARN_ABOUT_RETURN_TYPE = YES_ERROR;
				GCC_WARN_UNDECLARED_SELECTOR = YES;
				GCC_WARN_UNINITIALIZED_AUTOS = YES_AGGRESSIVE;
				GCC_WARN_UNUSED_FUNCTION = YES;
				GCC_WARN_UNUSED_VARIABLE = YES;
				IPHONEOS_DEPLOYMENT_TARGET = 15.0;
				MTL_ENABLE_DEBUG_INFO = NO;
				MTL_FAST_MATH = YES;
				SDKROOT = iphoneos;
				SWIFT_COMPILATION_MODE = wholemodule;
				SWIFT_OPTIMIZATION_LEVEL = "-O";
				VALIDATE_PRODUCT = YES;
			};
			name = Release;
		};
		2B60AAAD2714B7E700B2A72E /* Debug */ = {
			isa = XCBuildConfiguration;
			buildSettings = {
				ASSETCATALOG_COMPILER_APPICON_NAME = AppIcon;
				ASSETCATALOG_COMPILER_GLOBAL_ACCENT_COLOR_NAME = AccentColor;
				CODE_SIGN_STYLE = Automatic;
				CURRENT_PROJECT_VERSION = 1;
				DEVELOPMENT_ASSET_PATHS = "\"ClassWithVariables_working/Preview Content\"";
				DEVELOPMENT_TEAM = 4V2D72S45C;
				ENABLE_PREVIEWS = YES;
				GENERATE_INFOPLIST_FILE = YES;
				INFOPLIST_KEY_UIApplicationSceneManifest_Generation = YES;
				INFOPLIST_KEY_UIApplicationSupportsIndirectInputEvents = YES;
				INFOPLIST_KEY_UILaunchScreen_Generation = YES;
				INFOPLIST_KEY_UISupportedInterfaceOrientations_iPad = "UIInterfaceOrientationPortrait UIInterfaceOrientationPortraitUpsideDown UIInterfaceOrientationLandscapeLeft UIInterfaceOrientationLandscapeRight";
				INFOPLIST_KEY_UISupportedInterfaceOrientations_iPhone = "UIInterfaceOrientationPortrait UIInterfaceOrientationLandscapeLeft UIInterfaceOrientationLandscapeRight";
				IPHONEOS_DEPLOYMENT_TARGET = 14.0;
				LD_RUNPATH_SEARCH_PATHS = (
					"$(inherited)",
					"@executable_path/Frameworks",
				);
				MARKETING_VERSION = 1.0;
				PRODUCT_BUNDLE_IDENTIFIER = "nl.WesleyDeGroot.ClassWithVariables-passed";
				PRODUCT_NAME = ClassWithVariables_passeded;
				SWIFT_EMIT_LOC_STRINGS = YES;
				SWIFT_VERSION = 5.0;
				TARGETED_DEVICE_FAMILY = "1,2";
			};
			name = Debug;
		};
		2B60AAAE2714B7E700B2A72E /* Release */ = {
			isa = XCBuildConfiguration;
			buildSettings = {
				ASSETCATALOG_COMPILER_APPICON_NAME = AppIcon;
				ASSETCATALOG_COMPILER_GLOBAL_ACCENT_COLOR_NAME = AccentColor;
				CODE_SIGN_STYLE = Automatic;
				CURRENT_PROJECT_VERSION = 1;
				DEVELOPMENT_ASSET_PATHS = "\"ClassWithVariables_working/Preview Content\"";
				DEVELOPMENT_TEAM = 4V2D72S45C;
				ENABLE_PREVIEWS = YES;
				GENERATE_INFOPLIST_FILE = YES;
				INFOPLIST_KEY_UIApplicationSceneManifest_Generation = YES;
				INFOPLIST_KEY_UIApplicationSupportsIndirectInputEvents = YES;
				INFOPLIST_KEY_UILaunchScreen_Generation = YES;
				INFOPLIST_KEY_UISupportedInterfaceOrientations_iPad = "UIInterfaceOrientationPortrait UIInterfaceOrientationPortraitUpsideDown UIInterfaceOrientationLandscapeLeft UIInterfaceOrientationLandscapeRight";
				INFOPLIST_KEY_UISupportedInterfaceOrientations_iPhone = "UIInterfaceOrientationPortrait UIInterfaceOrientationLandscapeLeft UIInterfaceOrientationLandscapeRight";
				IPHONEOS_DEPLOYMENT_TARGET = 14.0;
				LD_RUNPATH_SEARCH_PATHS = (
					"$(inherited)",
					"@executable_path/Frameworks",
				);
				MARKETING_VERSION = 1.0;
				PRODUCT_BUNDLE_IDENTIFIER = "nl.WesleyDeGroot.ClassWithVariables-passed";
				PRODUCT_NAME = ClassWithVariables_passeded;
				SWIFT_EMIT_LOC_STRINGS = YES;
				SWIFT_VERSION = 5.0;
				TARGETED_DEVICE_FAMILY = "1,2";
			};
			name = Release;
		};
		2B60AAB02714B7E700B2A72E /* Debug */ = {
			isa = XCBuildConfiguration;
			buildSettings = {
				ALWAYS_EMBED_SWIFT_STANDARD_LIBRARIES = YES;
				BUNDLE_LOADER = "$(TEST_HOST)";
				CODE_SIGN_STYLE = Automatic;
				CURRENT_PROJECT_VERSION = 1;
				DEVELOPMENT_TEAM = 4V2D72S45C;
				GENERATE_INFOPLIST_FILE = YES;
				IPHONEOS_DEPLOYMENT_TARGET = 14.0;
				LD_RUNPATH_SEARCH_PATHS = (
					"$(inherited)",
					"@executable_path/Frameworks",
					"@loader_path/Frameworks",
				);
				MARKETING_VERSION = 1.0;
				PRODUCT_BUNDLE_IDENTIFIER = "nl.WesleyDeGroot.ClassWithVariables-workingTests";
				PRODUCT_NAME = "$(TARGET_NAME)";
				SWIFT_EMIT_LOC_STRINGS = NO;
				SWIFT_VERSION = 5.0;
				TARGETED_DEVICE_FAMILY = "1,2";
				TEST_HOST = "$(BUILT_PRODUCTS_DIR)/ClassWithVariables_passed.app/ClassWithVariables_passed";
			};
			name = Debug;
		};
		2B60AAB12714B7E700B2A72E /* Release */ = {
			isa = XCBuildConfiguration;
			buildSettings = {
				ALWAYS_EMBED_SWIFT_STANDARD_LIBRARIES = YES;
				BUNDLE_LOADER = "$(TEST_HOST)";
				CODE_SIGN_STYLE = Automatic;
				CURRENT_PROJECT_VERSION = 1;
				DEVELOPMENT_TEAM = 4V2D72S45C;
				GENERATE_INFOPLIST_FILE = YES;
				IPHONEOS_DEPLOYMENT_TARGET = 14.0;
				LD_RUNPATH_SEARCH_PATHS = (
					"$(inherited)",
					"@executable_path/Frameworks",
					"@loader_path/Frameworks",
				);
				MARKETING_VERSION = 1.0;
				PRODUCT_BUNDLE_IDENTIFIER = "nl.WesleyDeGroot.ClassWithVariables-workingTests";
				PRODUCT_NAME = "$(TARGET_NAME)";
				SWIFT_EMIT_LOC_STRINGS = NO;
				SWIFT_VERSION = 5.0;
				TARGETED_DEVICE_FAMILY = "1,2";
				TEST_HOST = "$(BUILT_PRODUCTS_DIR)/ClassWithVariables_passed.app/ClassWithVariables_passed";
			};
			name = Release;
		};
		2B60AAB32714B7E700B2A72E /* Debug */ = {
			isa = XCBuildConfiguration;
			buildSettings = {
				ALWAYS_EMBED_SWIFT_STANDARD_LIBRARIES = YES;
				CODE_SIGN_STYLE = Automatic;
				CURRENT_PROJECT_VERSION = 1;
				DEVELOPMENT_TEAM = 4V2D72S45C;
				GENERATE_INFOPLIST_FILE = YES;
				LD_RUNPATH_SEARCH_PATHS = (
					"$(inherited)",
					"@executable_path/Frameworks",
					"@loader_path/Frameworks",
				);
				MARKETING_VERSION = 1.0;
				PRODUCT_BUNDLE_IDENTIFIER = "nl.WesleyDeGroot.ClassWithVariables-workingUITests";
				PRODUCT_NAME = "$(TARGET_NAME)";
				SWIFT_EMIT_LOC_STRINGS = NO;
				SWIFT_VERSION = 5.0;
				TARGETED_DEVICE_FAMILY = "1,2";
				TEST_TARGET_NAME = ClassWithVariables_working;
			};
			name = Debug;
		};
		2B60AAB42714B7E700B2A72E /* Release */ = {
			isa = XCBuildConfiguration;
			buildSettings = {
				ALWAYS_EMBED_SWIFT_STANDARD_LIBRARIES = YES;
				CODE_SIGN_STYLE = Automatic;
				CURRENT_PROJECT_VERSION = 1;
				DEVELOPMENT_TEAM = 4V2D72S45C;
				GENERATE_INFOPLIST_FILE = YES;
				LD_RUNPATH_SEARCH_PATHS = (
					"$(inherited)",
					"@executable_path/Frameworks",
					"@loader_path/Frameworks",
				);
				MARKETING_VERSION = 1.0;
				PRODUCT_BUNDLE_IDENTIFIER = "nl.WesleyDeGroot.ClassWithVariables-workingUITests";
				PRODUCT_NAME = "$(TARGET_NAME)";
				SWIFT_EMIT_LOC_STRINGS = NO;
				SWIFT_VERSION = 5.0;
				TARGETED_DEVICE_FAMILY = "1,2";
				TEST_TARGET_NAME = ClassWithVariables_working;
			};
			name = Release;
		};
/* End XCBuildConfiguration section */

/* Begin XCConfigurationList section */
		2B60AA832714B7E500B2A72E /* Build configuration list for PBXProject "ClassWithVariables_passed" */ = {
			isa = XCConfigurationList;
			buildConfigurations = (
				2B60AAAA2714B7E700B2A72E /* Debug */,
				2B60AAAB2714B7E700B2A72E /* Release */,
			);
			defaultConfigurationIsVisible = 0;
			defaultConfigurationName = Release;
		};
		2B60AAAC2714B7E700B2A72E /* Build configuration list for PBXNativeTarget "ClassWithVariables_passed" */ = {
			isa = XCConfigurationList;
			buildConfigurations = (
				2B60AAAD2714B7E700B2A72E /* Debug */,
				2B60AAAE2714B7E700B2A72E /* Release */,
			);
			defaultConfigurationIsVisible = 0;
			defaultConfigurationName = Release;
		};
		2B60AAAF2714B7E700B2A72E /* Build configuration list for PBXNativeTarget "ClassWithVariables_passedTests" */ = {
			isa = XCConfigurationList;
			buildConfigurations = (
				2B60AAB02714B7E700B2A72E /* Debug */,
				2B60AAB12714B7E700B2A72E /* Release */,
			);
			defaultConfigurationIsVisible = 0;
			defaultConfigurationName = Release;
		};
		2B60AAB22714B7E700B2A72E /* Build configuration list for PBXNativeTarget "ClassWithVariables_passedUITests" */ = {
			isa = XCConfigurationList;
			buildConfigurations = (
				2B60AAB32714B7E700B2A72E /* Debug */,
				2B60AAB42714B7E700B2A72E /* Release */,
			);
			defaultConfigurationIsVisible = 0;
			defaultConfigurationName = Release;
		};
/* End XCConfigurationList section */
	};
	rootObject = 2B60AA802714B7E500B2A72E /* Project object */;
}
